
Microsoft Visual Studio Solution File, Format Version 12.00
# Visual Studio 15
VisualStudioVersion = 15.0.27428.2043
MinimumVisualStudioVersion = 10.0.40219.1
Project("{FAE04EC0-301F-11D3-BF4B-00C04F79EFBC}") = "DonaLaura.Presentation", "DonaLaura\DonaLaura.Presentation.csproj", "{9EAFF6F4-09FF-410B-9B50-707FA185F2FB}"
EndProject
Project("{2150E333-8FDC-42A3-9474-1A3956D46DE8}") = "1-Presentation", "1-Presentation", "{4E500241-89FA-4A7D-AAAE-A026716895AF}"
EndProject
Project("{2150E333-8FDC-42A3-9474-1A3956D46DE8}") = "2-Application", "2-Application", "{6FF252F4-F0E5-4218-9A41-5364A0CF2927}"
EndProject
Project("{2150E333-8FDC-42A3-9474-1A3956D46DE8}") = "3-Domain", "3-Domain", "{E3ABD900-A324-4500-BC5F-F8DA118E923C}"
EndProject
Project("{2150E333-8FDC-42A3-9474-1A3956D46DE8}") = "4-Infrastructure", "4-Infrastructure", "{A4007A72-37C6-4FA4-BA8B-D76DD335324B}"
EndProject
Project("{2150E333-8FDC-42A3-9474-1A3956D46DE8}") = "Testes", "Testes", "{10AA4980-515C-4901-AF66-2D67A92113F3}"
EndProject
Project("{FAE04EC0-301F-11D3-BF4B-00C04F79EFBC}") = "DonaLaura.Application", "DonaLaura.Application\DonaLaura.Application.csproj", "{F5DE4408-EAEC-4C74-9325-E763B43A7BC6}"
EndProject
Project("{FAE04EC0-301F-11D3-BF4B-00C04F79EFBC}") = "DonaLaura.Domain", "DonaLaura.Domain\DonaLaura.Domain.csproj", "{12E8BA10-8ED3-4605-8B06-08AB28455F7A}"
EndProject
Project("{FAE04EC0-301F-11D3-BF4B-00C04F79EFBC}") = "DonaLaura.Infra", "DonaLaura.Infra\DonaLaura.Infra.csproj", "{4A845477-2FC2-4EF8-8B36-ED99CB5237C5}"
EndProject
Project("{FAE04EC0-301F-11D3-BF4B-00C04F79EFBC}") = "DonaLaura.Infra.Data", "DonaLaura.Infra.Data\DonaLaura.Infra.Data.csproj", "{ECF12533-2BF3-495B-AECD-65BF1C265241}"
EndProject
Project("{2150E333-8FDC-42A3-9474-1A3956D46DE8}") = "5-Data", "5-Data", "{FE0490E9-5F84-454C-A8C4-AFC69ED9D8FC}"
EndProject
Project("{00D1A9C2-B5F0-4AF3-8072-F6C62B433612}") = "DonaLaura.DataBase", "DonaLaura.DataBase\DonaLaura.DataBase.sqlproj", "{0ADEB2BE-958A-4F94-80CC-FDC71585F2DC}"
EndProject
Project("{FAE04EC0-301F-11D3-BF4B-00C04F79EFBC}") = "DonaLaura.Application.Tests", "DonaLaura.Application.Tests\DonaLaura.Application.Tests.csproj", "{B3ACCD04-CEB8-488C-B871-A99DDA7FE15C}"
EndProject
Project("{FAE04EC0-301F-11D3-BF4B-00C04F79EFBC}") = "DonaLaura.Common.Tests", "DonaLaura.Common.Tests\DonaLaura.Common.Tests.csproj", "{68AD556F-A8C4-49A6-A65B-F23E5B9567FE}"
EndProject
Project("{FAE04EC0-301F-11D3-BF4B-00C04F79EFBC}") = "DonaLaura.Domain.Tests", "DonaLaura.Domain.Tests\DonaLaura.Domain.Tests.csproj", "{A248070A-AADC-43E3-AB82-28082C4DA738}"
EndProject
Project("{FAE04EC0-301F-11D3-BF4B-00C04F79EFBC}") = "DonaLaura.Infra.Data.Tests", "DonaLaura.Infra.Data.Tests\DonaLaura.Infra.Data.Tests.csproj", "{8C89AEC0-6ECD-4A2E-9A8F-6D254DD61812}"
EndProject
Project("{FAE04EC0-301F-11D3-BF4B-00C04F79EFBC}") = "DonaLaura.Infra.Tests", "DonaLaura.Infra.Tests\DonaLaura.Infra.Tests.csproj", "{ECB41787-36F4-4CEA-B5B2-4A179D6795BF}"
EndProject
Project("{FAE04EC0-301F-11D3-BF4B-00C04F79EFBC}") = "DonaLaura.Integration.Tests", "DonaLaura.Integration.Tests\DonaLaura.Integration.Tests.csproj", "{FC2654A5-9DEE-4A5D-AA3A-A0F43DDBF764}"
EndProject
Global
	GlobalSection(SolutionConfigurationPlatforms) = preSolution
		Debug|Any CPU = Debug|Any CPU
		Release|Any CPU = Release|Any CPU
	EndGlobalSection
	GlobalSection(ProjectConfigurationPlatforms) = postSolution
		{9EAFF6F4-09FF-410B-9B50-707FA185F2FB}.Debug|Any CPU.ActiveCfg = Debug|Any CPU
		{9EAFF6F4-09FF-410B-9B50-707FA185F2FB}.Debug|Any CPU.Build.0 = Debug|Any CPU
		{9EAFF6F4-09FF-410B-9B50-707FA185F2FB}.Release|Any CPU.ActiveCfg = Release|Any CPU
		{9EAFF6F4-09FF-410B-9B50-707FA185F2FB}.Release|Any CPU.Build.0 = Release|Any CPU
		{F5DE4408-EAEC-4C74-9325-E763B43A7BC6}.Debug|Any CPU.ActiveCfg = Debug|Any CPU
		{F5DE4408-EAEC-4C74-9325-E763B43A7BC6}.Debug|Any CPU.Build.0 = Debug|Any CPU
		{F5DE4408-EAEC-4C74-9325-E763B43A7BC6}.Release|Any CPU.ActiveCfg = Release|Any CPU
		{F5DE4408-EAEC-4C74-9325-E763B43A7BC6}.Release|Any CPU.Build.0 = Release|Any CPU
		{12E8BA10-8ED3-4605-8B06-08AB28455F7A}.Debug|Any CPU.ActiveCfg = Debug|Any CPU
		{12E8BA10-8ED3-4605-8B06-08AB28455F7A}.Debug|Any CPU.Build.0 = Debug|Any CPU
		{12E8BA10-8ED3-4605-8B06-08AB28455F7A}.Release|Any CPU.ActiveCfg = Release|Any CPU
		{12E8BA10-8ED3-4605-8B06-08AB28455F7A}.Release|Any CPU.Build.0 = Release|Any CPU
		{4A845477-2FC2-4EF8-8B36-ED99CB5237C5}.Debug|Any CPU.ActiveCfg = Debug|Any CPU
		{4A845477-2FC2-4EF8-8B36-ED99CB5237C5}.Debug|Any CPU.Build.0 = Debug|Any CPU
		{4A845477-2FC2-4EF8-8B36-ED99CB5237C5}.Release|Any CPU.ActiveCfg = Release|Any CPU
		{4A845477-2FC2-4EF8-8B36-ED99CB5237C5}.Release|Any CPU.Build.0 = Release|Any CPU
		{ECF12533-2BF3-495B-AECD-65BF1C265241}.Debug|Any CPU.ActiveCfg = Debug|Any CPU
		{ECF12533-2BF3-495B-AECD-65BF1C265241}.Debug|Any CPU.Build.0 = Debug|Any CPU
		{ECF12533-2BF3-495B-AECD-65BF1C265241}.Release|Any CPU.ActiveCfg = Release|Any CPU
		{ECF12533-2BF3-495B-AECD-65BF1C265241}.Release|Any CPU.Build.0 = Release|Any CPU
		{0ADEB2BE-958A-4F94-80CC-FDC71585F2DC}.Debug|Any CPU.ActiveCfg = Debug|Any CPU
		{0ADEB2BE-958A-4F94-80CC-FDC71585F2DC}.Debug|Any CPU.Build.0 = Debug|Any CPU
		{0ADEB2BE-958A-4F94-80CC-FDC71585F2DC}.Debug|Any CPU.Deploy.0 = Debug|Any CPU
		{0ADEB2BE-958A-4F94-80CC-FDC71585F2DC}.Release|Any CPU.ActiveCfg = Release|Any CPU
		{0ADEB2BE-958A-4F94-80CC-FDC71585F2DC}.Release|Any CPU.Build.0 = Release|Any CPU
		{0ADEB2BE-958A-4F94-80CC-FDC71585F2DC}.Release|Any CPU.Deploy.0 = Release|Any CPU
		{B3ACCD04-CEB8-488C-B871-A99DDA7FE15C}.Debug|Any CPU.ActiveCfg = Debug|Any CPU
		{B3ACCD04-CEB8-488C-B871-A99DDA7FE15C}.Debug|Any CPU.Build.0 = Debug|Any CPU
		{B3ACCD04-CEB8-488C-B871-A99DDA7FE15C}.Release|Any CPU.ActiveCfg = Release|Any CPU
		{B3ACCD04-CEB8-488C-B871-A99DDA7FE15C}.Release|Any CPU.Build.0 = Release|Any CPU
		{68AD556F-A8C4-49A6-A65B-F23E5B9567FE}.Debug|Any CPU.ActiveCfg = Debug|Any CPU
		{68AD556F-A8C4-49A6-A65B-F23E5B9567FE}.Debug|Any CPU.Build.0 = Debug|Any CPU
		{68AD556F-A8C4-49A6-A65B-F23E5B9567FE}.Release|Any CPU.ActiveCfg = Release|Any CPU
		{68AD556F-A8C4-49A6-A65B-F23E5B9567FE}.Release|Any CPU.Build.0 = Release|Any CPU
		{A248070A-AADC-43E3-AB82-28082C4DA738}.Debug|Any CPU.ActiveCfg = Debug|Any CPU
		{A248070A-AADC-43E3-AB82-28082C4DA738}.Debug|Any CPU.Build.0 = Debug|Any CPU
		{A248070A-AADC-43E3-AB82-28082C4DA738}.Release|Any CPU.ActiveCfg = Release|Any CPU
		{A248070A-AADC-43E3-AB82-28082C4DA738}.Release|Any CPU.Build.0 = Release|Any CPU
		{8C89AEC0-6ECD-4A2E-9A8F-6D254DD61812}.Debug|Any CPU.ActiveCfg = Debug|Any CPU
		{8C89AEC0-6ECD-4A2E-9A8F-6D254DD61812}.Debug|Any CPU.Build.0 = Debug|Any CPU
		{8C89AEC0-6ECD-4A2E-9A8F-6D254DD61812}.Release|Any CPU.ActiveCfg = Release|Any CPU
		{8C89AEC0-6ECD-4A2E-9A8F-6D254DD61812}.Release|Any CPU.Build.0 = Release|Any CPU
		{ECB41787-36F4-4CEA-B5B2-4A179D6795BF}.Debug|Any CPU.ActiveCfg = Debug|Any CPU
		{ECB41787-36F4-4CEA-B5B2-4A179D6795BF}.Debug|Any CPU.Build.0 = Debug|Any CPU
		{ECB41787-36F4-4CEA-B5B2-4A179D6795BF}.Release|Any CPU.ActiveCfg = Release|Any CPU
		{ECB41787-36F4-4CEA-B5B2-4A179D6795BF}.Release|Any CPU.Build.0 = Release|Any CPU
		{FC2654A5-9DEE-4A5D-AA3A-A0F43DDBF764}.Debug|Any CPU.ActiveCfg = Debug|Any CPU
		{FC2654A5-9DEE-4A5D-AA3A-A0F43DDBF764}.Debug|Any CPU.Build.0 = Debug|Any CPU
		{FC2654A5-9DEE-4A5D-AA3A-A0F43DDBF764}.Release|Any CPU.ActiveCfg = Release|Any CPU
		{FC2654A5-9DEE-4A5D-AA3A-A0F43DDBF764}.Release|Any CPU.Build.0 = Release|Any CPU
	EndGlobalSection
	GlobalSection(SolutionProperties) = preSolution
		HideSolutionNode = FALSE
	EndGlobalSection
	GlobalSection(NestedProjects) = preSolution
		{9EAFF6F4-09FF-410B-9B50-707FA185F2FB} = {4E500241-89FA-4A7D-AAAE-A026716895AF}
		{F5DE4408-EAEC-4C74-9325-E763B43A7BC6} = {6FF252F4-F0E5-4218-9A41-5364A0CF2927}
		{12E8BA10-8ED3-4605-8B06-08AB28455F7A} = {E3ABD900-A324-4500-BC5F-F8DA118E923C}
		{4A845477-2FC2-4EF8-8B36-ED99CB5237C5} = {A4007A72-37C6-4FA4-BA8B-D76DD335324B}
		{ECF12533-2BF3-495B-AECD-65BF1C265241} = {A4007A72-37C6-4FA4-BA8B-D76DD335324B}
		{0ADEB2BE-958A-4F94-80CC-FDC71585F2DC} = {FE0490E9-5F84-454C-A8C4-AFC69ED9D8FC}
		{B3ACCD04-CEB8-488C-B871-A99DDA7FE15C} = {10AA4980-515C-4901-AF66-2D67A92113F3}
		{68AD556F-A8C4-49A6-A65B-F23E5B9567FE} = {10AA4980-515C-4901-AF66-2D67A92113F3}
		{A248070A-AADC-43E3-AB82-28082C4DA738} = {10AA4980-515C-4901-AF66-2D67A92113F3}
		{8C89AEC0-6ECD-4A2E-9A8F-6D254DD61812} = {10AA4980-515C-4901-AF66-2D67A92113F3}
		{ECB41787-36F4-4CEA-B5B2-4A179D6795BF} = {10AA4980-515C-4901-AF66-2D67A92113F3}
		{FC2654A5-9DEE-4A5D-AA3A-A0F43DDBF764} = {10AA4980-515C-4901-AF66-2D67A92113F3}
	EndGlobalSection
	GlobalSection(ExtensibilityGlobals) = postSolution
		SolutionGuid = {94FD9A4B-E63C-4729-B396-C2B54F8BEE6D}
	EndGlobalSection
EndGlobal
